
Microsoft Visual Studio Solution File, Format Version 10.00
# Visual Studio 2008
Project("{FAE04EC0-301F-11D3-BF4B-00C04F79EFBC}") = "US5", "US5\US5.csproj", "{4F41D2B8-3AD5-4569-A158-8D4B4BFE5AEE}"
EndProject
Global
	GlobalSection(SolutionConfigurationPlatforms) = preSolution
		Debug|Any CPU = Debug|Any CPU
		Release|Any CPU = Release|Any CPU
	EndGlobalSection
	GlobalSection(ProjectConfigurationPlatforms) = postSolution
		{4F41D2B8-3AD5-4569-A158-8D4B4BFE5AEE}.Debug|Any CPU.ActiveCfg = Debug|Any CPU
		{4F41D2B8-3AD5-4569-A158-8D4B4BFE5AEE}.Debug|Any CPU.Build.0 = Debug|Any CPU
		{4F41D2B8-3AD5-4569-A158-8D4B4BFE5AEE}.Release|Any CPU.ActiveCfg = Release|Any CPU
		{4F41D2B8-3AD5-4569-A158-8D4B4BFE5AEE}.Release|Any CPU.Build.0 = Release|Any CPU
	EndGlobalSection
	GlobalSection(SolutionProperties) = preSolution
		HideSolutionNode = FALSE
	EndGlobalSection
EndGlobal
